
Microsoft Visual Studio Solution File, Format Version 12.00
# Visual Studio 15
VisualStudioVersion = 15.0.27703.2035
MinimumVisualStudioVersion = 10.0.40219.1
Project("{FAE04EC0-301F-11D3-BF4B-00C04F79EFBC}") = "WindowsFormsApp1", "WindowsFormsApp1\WindowsFormsApp1.csproj", "{C32EDDFD-7C75-4DB0-99CB-445268908E3B}"
EndProject
Global
	GlobalSection(SolutionConfigurationPlatforms) = preSolution
		Debug|Any CPU = Debug|Any CPU
		Release|Any CPU = Release|Any CPU
	EndGlobalSection
	GlobalSection(ProjectConfigurationPlatforms) = postSolution
		{C32EDDFD-7C75-4DB0-99CB-445268908E3B}.Debug|Any CPU.ActiveCfg = Debug|Any CPU
		{C32EDDFD-7C75-4DB0-99CB-445268908E3B}.Debug|Any CPU.Build.0 = Debug|Any CPU
		{C32EDDFD-7C75-4DB0-99CB-445268908E3B}.Release|Any CPU.ActiveCfg = Release|Any CPU
		{C32EDDFD-7C75-4DB0-99CB-445268908E3B}.Release|Any CPU.Build.0 = Release|Any CPU
	EndGlobalSection
	GlobalSection(SolutionProperties) = preSolution
		HideSolutionNode = FALSE
	EndGlobalSection
	GlobalSection(ExtensibilityGlobals) = postSolution
		SolutionGuid = {DE199E39-5477-4BE4-86FD-89879AE3C922}
	EndGlobalSection
EndGlobal
