
Microsoft Visual Studio Solution File, Format Version 12.00
# Visual Studio 15
VisualStudioVersion = 15.0.27703.2035
MinimumVisualStudioVersion = 10.0.40219.1
Project("{FAE04EC0-301F-11D3-BF4B-00C04F79EFBC}") = "DynGO", "DynGO\DynGO.csproj", "{CE1A84A9-9490-4C8C-AE58-EB2C691A9894}"
EndProject
Global
	GlobalSection(SolutionConfigurationPlatforms) = preSolution
		Debug|Any CPU = Debug|Any CPU
		Release|Any CPU = Release|Any CPU
	EndGlobalSection
	GlobalSection(ProjectConfigurationPlatforms) = postSolution
		{CE1A84A9-9490-4C8C-AE58-EB2C691A9894}.Debug|Any CPU.ActiveCfg = Debug|Any CPU
		{CE1A84A9-9490-4C8C-AE58-EB2C691A9894}.Debug|Any CPU.Build.0 = Debug|Any CPU
		{CE1A84A9-9490-4C8C-AE58-EB2C691A9894}.Release|Any CPU.ActiveCfg = Release|Any CPU
		{CE1A84A9-9490-4C8C-AE58-EB2C691A9894}.Release|Any CPU.Build.0 = Release|Any CPU
	EndGlobalSection
	GlobalSection(SolutionProperties) = preSolution
		HideSolutionNode = FALSE
	EndGlobalSection
	GlobalSection(ExtensibilityGlobals) = postSolution
		SolutionGuid = {6C568D40-8076-43EF-9384-D4B75C426C47}
	EndGlobalSection
EndGlobal
